
Microsoft Visual Studio Solution File, Format Version 12.00
# Visual Studio Version 16
VisualStudioVersion = 16.0.30011.22
MinimumVisualStudioVersion = 10.0.40219.1
Project("{FAE04EC0-301F-11D3-BF4B-00C04F79EFBC}") = "CrudAjax", "CrudAjax\CrudAjax.csproj", "{898BB8D3-A502-419B-BAEA-A099883ABAAA}"
EndProject
Global
	GlobalSection(SolutionConfigurationPlatforms) = preSolution
		Debug|Any CPU = Debug|Any CPU
		Release|Any CPU = Release|Any CPU
	EndGlobalSection
	GlobalSection(ProjectConfigurationPlatforms) = postSolution
		{898BB8D3-A502-419B-BAEA-A099883ABAAA}.Debug|Any CPU.ActiveCfg = Debug|Any CPU
		{898BB8D3-A502-419B-BAEA-A099883ABAAA}.Debug|Any CPU.Build.0 = Debug|Any CPU
		{898BB8D3-A502-419B-BAEA-A099883ABAAA}.Release|Any CPU.ActiveCfg = Release|Any CPU
		{898BB8D3-A502-419B-BAEA-A099883ABAAA}.Release|Any CPU.Build.0 = Release|Any CPU
	EndGlobalSection
	GlobalSection(SolutionProperties) = preSolution
		HideSolutionNode = FALSE
	EndGlobalSection
	GlobalSection(ExtensibilityGlobals) = postSolution
		SolutionGuid = {A15BF04A-A843-4F7C-8C90-C7FDA1D6E852}
	EndGlobalSection
EndGlobal
